# This file is autogenerated, do not edit; changes may be undone by the next 'dep ensure'.


[[projects]]
  name = "github.com/cenkalti/backoff"
  packages = ["."]
  revision = "ef3e94fd92088352d8a2e81b2f742d546d77b7e6"
  version = "v3.2.2"

[[projects]]
  name = "github.com/eclipse/paho.mqtt.golang"
  packages = [".","packets"]
  revision = "adca289fdcf8c883800aafa545bc263452290bae"
  version = "v1.2.0"

[[projects]]
  name = "github.com/ghodss/yaml"
  packages = ["."]
  revision = "0ca9ea5df5451ffdf184b4428c902747c2c11cd7"
  version = "v1.0.0"

[[projects]]
  branch = "master"
  name = "github.com/gopherjs/gopherjs"
  packages = ["js"]
  revision = "fce0ec30dd00773d3fa974351d04ce2737b5c4d9"

[[projects]]
  name = "github.com/gorilla/websocket"
  packages = ["."]
  revision = "b65e62901fc1c0d968042419e74789f6af455eb9"
  version = "v1.4.2"

[[projects]]
  name = "github.com/jtolds/gls"
  packages = ["."]
  revision = "b4936e06046bbecbb94cae9c18127ebe510a2cb9"
  version = "v4.20"

[[projects]]
  name = "github.com/nats-io/go-nats"
  packages = [".","encoders/builtin","util"]
  revision = "70fe06cee50d4b6f98248d9675fb55f2a3aa7228"
  version = "v1.7.2"

[[projects]]
  name = "github.com/nats-io/jwt"
  packages = ["."]
  revision = "8527407e521556b9f0253318912cc03fd84a5bbd"
  version = "v1.0.1"

[[projects]]
  name = "github.com/nats-io/nats.go"
  packages = [".","encoders/builtin","util"]
  revision = "120703c6d80965e2f1e7a542c88dc574987b17e1"
  version = "v1.10.0"

[[projects]]
  name = "github.com/nats-io/nkeys"
  packages = ["."]
  revision = "f1930e19b436412202ab130a733187cc6f40ba7e"
  version = "v0.1.3"

[[projects]]
  name = "github.com/nats-io/nuid"
  packages = ["."]
  revision = "4b96681fa6d28dd0ab5fe79bac63b3a493d9ee94"
  version = "v1.0.1"

[[projects]]
  name = "github.com/patrickmn/go-cache"
  packages = ["."]
  revision = "a3647f8e31d79543b2d0f0ae2fe5c379d72cedc0"
  version = "v2.1.0"

[[projects]]
  name = "github.com/penguinpowernz/go-geonet"
  packages = ["."]
  revision = "c836bd06cdbb5662d0447293c585aab8e112ed66"
  version = "v1.0.0"

[[projects]]
  name = "github.com/smartystreets/assertions"
  packages = [".","internal/go-diff/diffmatchpatch","internal/go-render/render","internal/oglematchers"]
  revision = "f487f9de1cd36ebab28235b9373028812fb47cbd"
  version = "1.10.1"

[[projects]]
  name = "github.com/smartystreets/goconvey"
  packages = ["convey","convey/gotest","convey/reporting"]
  revision = "505e419363375c0dc132d3ac02632a4ee32199ca"
  version = "v1.6.4"

[[projects]]
  branch = "master"
  name = "golang.org/x/crypto"
  packages = ["ed25519","ed25519/internal/edwards25519"]
  revision = "f7b00557c8c46a1ea4b035cae84f52028c2c0564"

[[projects]]
  branch = "master"
  name = "golang.org/x/net"
  packages = ["internal/socks","proxy","websocket"]
  revision = "4c5254603344ea4a8ae4bed7e296a9588303e14f"

[[projects]]
  name = "gopkg.in/yaml.v2"
  packages = ["."]
  revision = "53403b58ad1b561927d19068c655246f2db79d48"
  version = "v2.2.8"

[solve-meta]
  analyzer-name = "dep"
  analyzer-version = 1
  inputs-digest = "6b1636f3ef20e3e04c9c08af671cd16b03f765404bb6662bb1f97d792941e642"
  solver-name = "gps-cdcl"
  solver-version = 1
